PODS:
  - ClickTrackMultiplatform (1.0)

DEPENDENCIES:
  - ClickTrackMultiplatform (from `../multiplatform`)

EXTERNAL SOURCES:
  ClickTrackMultiplatform:
    :path: "../multiplatform"

SPEC CHECKSUMS:
  ClickTrackMultiplatform: e39a8cb0579e5d126ac78ffecf2fef12a74d71e7

PODFILE CHECKSUM: 2a1b95b80cd72d9eb63e40bf8b588cc763097149

COCOAPODS: 1.16.2
