PODS:
  - ClickTrackMultiplatform (1.0)

DEPENDENCIES:
  - ClickTrackMultiplatform (from `../multiplatform`)

EXTERNAL SOURCES:
  ClickTrackMultiplatform:
    :path: "../multiplatform"

SPEC CHECKSUMS:
  ClickTrackMultiplatform: 08f422d7a2f27eda2ec583d97ccac5cdcfa8d88a

PODFILE CHECKSUM: 2a1b95b80cd72d9eb63e40bf8b588cc763097149

COCOAPODS: 1.15.2
